// !$*UTF8*$!
{
	archiveVersion = 1;
	classes = {
	};
	objectVersion = 48;
	objects = {

/* Begin PBXBuildFile section */
		188B34CF1F821BC500ADFBB1 /* AppDelegate.swift in Sources */ = {isa = PBXBuildFile; fileRef = 188B34CE1F821BC500ADFBB1 /* AppDelegate.swift */; };
		188B34D11F821BC500ADFBB1 /* ViewController.swift in Sources */ = {isa = PBXBuildFile; fileRef = 188B34D01F821BC500ADFBB1 /* ViewController.swift */; };
		188B34D41F821BC500ADFBB1 /* Main.storyboard in Resources */ = {isa = PBXBuildFile; fileRef = 188B34D21F821BC500ADFBB1 /* Main.storyboard */; };
		188B34D61F821BC500ADFBB1 /* Assets.xcassets in Resources */ = {isa = PBXBuildFile; fileRef = 188B34D51F821BC500ADFBB1 /* Assets.xcassets */; };
		188B34D91F821BC500ADFBB1 /* LaunchScreen.storyboard in Resources */ = {isa = PBXBuildFile; fileRef = 188B34D71F821BC500ADFBB1 /* LaunchScreen.storyboard */; };
/* End PBXBuildFile section */

/* Begin PBXFileReference section */
		188B34CB1F821BC500ADFBB1 /* DemoRestAPI.app */ = {isa = PBXFileReference; explicitFileType = wrapper.application; includeInIndex = 0; path = DemoRestAPI.app; sourceTree = BUILT_PRODUCTS_DIR; };
		188B34CE1F821BC500ADFBB1 /* AppDelegate.swift */ = {isa = PBXFileReference; lastKnownFileType = sourcecode.swift; path = AppDelegate.swift; sourceTree = "<group>"; };
		188B34D01F821BC500ADFBB1 /* ViewController.swift */ = {isa = PBXFileReference; lastKnownFileType = sourcecode.swift; path = ViewController.swift; sourceTree = "<group>"; };
		188B34D31F821BC500ADFBB1 /* Base */ = {isa = PBXFileReference; lastKnownFileType = file.storyboard; name = Base; path = Base.lproj/Main.storyboard; sourceTree = "<group>"; };
		188B34D51F821BC500ADFBB1 /* Assets.xcassets */ = {isa = PBXFileReference; lastKnownFileType = folder.assetcatalog; path = Assets.xcassets; sourceTree = "<group>"; };
		188B34D81F821BC500ADFBB1 /* Base */ = {isa = PBXFileReference; lastKnownFileType = file.storyboard; name = Base; path = Base.lproj/LaunchScreen.storyboard; sourceTree = "<group>"; };
		188B34DA1F821BC500ADFBB1 /* Info.plist */ = {isa = PBXFileReference; lastKnownFileType = text.plist.xml; path = Info.plist; sourceTree = "<group>"; };
/* End PBXFileReference section */

/* Begin PBXFrameworksBuildPhase section */
		188B34C81F821BC500ADFBB1 /* Frameworks */ = {
			isa = PBXFrameworksBuildPhase;
			buildActionMask = 2147483647;
			files = (
			);
			runOnlyForDeploymentPostprocessing = 0;
		};
/* End PBXFrameworksBuildPhase section */

/* Begin PBXGroup section */
		188B34C21F821BC500ADFBB1 = {
			isa = PBXGroup;
			children = (
				188B34CD1F821BC500ADFBB1 /* DemoRestAPI */,
				188B34CC1F821BC500ADFBB1 /* Products */,
			);
			sourceTree = "<group>";
		};
		188B34CC1F821BC500ADFBB1 /* Products */ = {
			isa = PBXGroup;
			children = (
				188B34CB1F821BC500ADFBB1 /* DemoRestAPI.app */,
			);
			name = Products;
			sourceTree = "<group>";
		};
		188B34CD1F821BC500ADFBB1 /* DemoRestAPI */ = {
			isa = PBXGroup;
			children = (
				188B34CE1F821BC500ADFBB1 /* AppDelegate.swift */,
				188B34D01F821BC500ADFBB1 /* ViewController.swift */,
				188B34D21F821BC500ADFBB1 /* Main.storyboard */,
				188B34D51F821BC500ADFBB1 /* Assets.xcassets */,
				188B34D71F821BC500ADFBB1 /* LaunchScreen.storyboard */,
				188B34DA1F821BC500ADFBB1 /* Info.plist */,
			);
			path = DemoRestAPI;
			sourceTree = "<group>";
		};
/* End PBXGroup section */

/* Begin PBXNativeTarget section */
		188B34CA1F821BC500ADFBB1 /* DemoRestAPI */ = {
			isa = PBXNativeTarget;
			buildConfigurationList = 188B34DD1F821BC500ADFBB1 /* Build configuration list for PBXNativeTarget "DemoRestAPI" */;
			buildPhases = (
				188B34C71F821BC500ADFBB1 /* Sources */,
				188B34C81F821BC500ADFBB1 /* Frameworks */,
				188B34C91F821BC500ADFBB1 /* Resources */,
			);
			buildRules = (
			);
			dependencies = (
			);
			name = DemoRestAPI;
			productName = DemoRestAPI;
			productReference = 188B34CB1F821BC500ADFBB1 /* DemoRestAPI.app */;
			productType = "com.apple.product-type.application";
		};
/* End PBXNativeTarget section */

/* Begin PBXProject section */
		188B34C31F821BC500ADFBB1 /* Project object */ = {
			isa = PBXProject;
			attributes = {
				LastSwiftUpdateCheck = 0900;
				LastUpgradeCheck = 0900;
				ORGANIZATIONNAME = "Kien Nguyen";
				TargetAttributes = {
					188B34CA1F821BC500ADFBB1 = {
						CreatedOnToolsVersion = 9.0;
						ProvisioningStyle = Automatic;
					};
				};
			};
			buildConfigurationList = 188B34C61F821BC500ADFBB1 /* Build configuration list for PBXProject "DemoRestAPI" */;
			compatibilityVersion = "Xcode 8.0";
			developmentRegion = en;
			hasScannedForEncodings = 0;
			knownRegions = (
				en,
				Base,
			);
			mainGroup = 188B34C21F821BC500ADFBB1;
			productRefGroup = 188B34CC1F821BC500ADFBB1 /* Products */;
			projectDirPath = "";
			projectRoot = "";
			targets = (
				188B34CA1F821BC500ADFBB1 /* DemoRestAPI */,
			);
		};
/* End PBXProject section */

/* Begin PBXResourcesBuildPhase section */
		188B34C91F821BC500ADFBB1 /* Resources */ = {
			isa = PBXResourcesBuildPhase;
			buildActionMask = 2147483647;
			files = (
				188B34D91F821BC500ADFBB1 /* LaunchScreen.storyboard in Resources */,
				188B34D61F821BC500ADFBB1 /* Assets.xcassets in Resources */,
				188B34D41F821BC500ADFBB1 /* Main.storyboard in Resources */,
			);
			runOnlyForDeploymentPostprocessing = 0;
		};
/* End PBXResourcesBuildPhase section */

/* Begin PBXSourcesBuildPhase section */
		188B34C71F821BC500ADFBB1 /* Sources */ = {
			isa = PBXSourcesBuildPhase;
			buildActionMask = 2147483647;
			files = (
				188B34D11F821BC500ADFBB1 /* ViewController.swift in Sources */,
				188B34CF1F821BC500ADFBB1 /* AppDelegate.swift in Sources */,
			);
			runOnlyForDeploymentPostprocessing = 0;
		};
/* End PBXSourcesBuildPhase section */

/* Begin PBXVariantGroup section */
		188B34D21F821BC500ADFBB1 /* Main.storyboard */ = {
			isa = PBXVariantGroup;
			children = (
				188B34D31F821BC500ADFBB1 /* Base */,
			);
			name = Main.storyboard;
			sourceTree = "<group>";
		};
		188B34D71F821BC500ADFBB1 /* LaunchScreen.storyboard */ = {
			isa = PBXVariantGroup;
			children = (
				188B34D81F821BC500ADFBB1 /* Base */,
			);
			name = LaunchScreen.storyboard;
			sourceTree = "<group>";
		};
/* End PBXVariantGroup section */

/* Begin XCBuildConfiguration section */
		188B34DB1F821BC500ADFBB1 /* Debug */ = {
			isa = XCBuildConfiguration;
			buildSettings = {
				ALWAYS_SEARCH_USER_PATHS = NO;
				CLANG_ANALYZER_NONNULL = YES;
				CLANG_ANALYZER_NUMBER_OBJECT_CONVERSION = YES_AGGRESSIVE;
				CLANG_CXX_LANGUAGE_STANDARD = "gnu++14";
				CLANG_CXX_LIBRARY = "libc++";
				CLANG_ENABLE_MODULES = YES;
				CLANG_ENABLE_OBJC_ARC = YES;
				CLANG_WARN_BLOCK_CAPTURE_AUTORELEASING = YES;
				CLANG_WARN_BOOL_CONVERSION = YES;
				CLANG_WARN_COMMA = YES;
				CLANG_WARN_CONSTANT_CONVERSION = YES;
				CLANG_WARN_DIRECT_OBJC_ISA_USAGE = YES_ERROR;
				CLANG_WARN_DOCUMENTATION_COMMENTS = YES;
				CLANG_WARN_EMPTY_BODY = YES;
				CLANG_WARN_ENUM_CONVERSION = YES;
				CLANG_WARN_INFINITE_RECURSION = YES;
				CLANG_WARN_INT_CONVERSION = YES;
				CLANG_WARN_NON_LITERAL_NULL_CONVERSION = YES;
				CLANG_WARN_OBJC_LITERAL_CONVERSION = YES;
				CLANG_WARN_OBJC_ROOT_CLASS = YES_ERROR;
				CLANG_WARN_RANGE_LOOP_ANALYSIS = YES;
				CLANG_WARN_STRICT_PROTOTYPES = YES;
				CLANG_WARN_SUSPICIOUS_MOVE = YES;
				CLANG_WARN_UNGUARDED_AVAILABILITY = YES_AGGRESSIVE;
				CLANG_WARN_UNREACHABLE_CODE = YES;
				CLANG_WARN__DUPLICATE_METHOD_MATCH = YES;
				CODE_SIGN_IDENTITY = "iPhone Developer";
				COPY_PHASE_STRIP = NO;
				DEBUG_INFORMATION_FORMAT = dwarf;
				ENABLE_STRICT_OBJC_MSGSEND = YES;
				ENABLE_TESTABILITY = YES;
				GCC_C_LANGUAGE_STANDARD = gnu11;
				GCC_DYNAMIC_NO_PIC = NO;
				GCC_NO_COMMON_BLOCKS = YES;
				GCC_OPTIMIZATION_LEVEL = 0;
				GCC_PREPROCESSOR_DEFINITIONS = (
					"DEBUG=1",
					"$(inherited)",
				);
				GCC_WARN_64_TO_32_BIT_CONVERSION = YES;
				GCC_WARN_ABOUT_RETURN_TYPE = YES_ERROR;
				GCC_WARN_UNDECLARED_SELECTOR = YES;
				GCC_WARN_UNINITIALIZED_AUTOS = YES_AGGRESSIVE;
				GCC_WARN_UNUSED_FUNCTION = YES;
				GCC_WARN_UNUSED_VARIABLE = YES;
				IPHONEOS_DEPLOYMENT_TARGET = 11.0;
				MTL_ENABLE_DEBUG_INFO = YES;
				ONLY_ACTIVE_ARCH = YES;
				SDKROOT = iphoneos;
				SWIFT_ACTIVE_COMPILATION_CONDITIONS = DEBUG;
				SWIFT_OPTIMIZATION_LEVEL = "-Onone";
			};
			name = Debug;
		};
		188B34DC1F821BC500ADFBB1 /* Release */ = {
			isa = XCBuildConfiguration;
			buildSettings = {
				ALWAYS_SEARCH_USER_PATHS = NO;
				CLANG_ANALYZER_NONNULL = YES;
				CLANG_ANALYZER_NUMBER_OBJECT_CONVERSION = YES_AGGRESSIVE;
				CLANG_CXX_LANGUAGE_STANDARD = "gnu++14";
				CLANG_CXX_LIBRARY = "libc++";
				CLANG_ENABLE_MODULES = YES;
				CLANG_ENABLE_OBJC_ARC = YES;
				CLANG_WARN_BLOCK_CAPTURE_AUTORELEASING = YES;
				CLANG_WARN_BOOL_CONVERSION = YES;
				CLANG_WARN_COMMA = YES;
				CLANG_WARN_CONSTANT_CONVERSION = YES;
				CLANG_WARN_DIRECT_OBJC_ISA_USAGE = YES_ERROR;
				CLANG_WARN_DOCUMENTATION_COMMENTS = YES;
				CLANG_WARN_EMPTY_BODY = YES;
				CLANG_WARN_ENUM_CONVERSION = YES;
				CLANG_WARN_INFINITE_RECURSION = YES;
				CLANG_WARN_INT_CONVERSION = YES;
				CLANG_WARN_NON_LITERAL_NULL_CONVERSION = YES;
				CLANG_WARN_OBJC_LITERAL_CONVERSION = YES;
				CLANG_WARN_OBJC_ROOT_CLASS = YES_ERROR;
				CLANG_WARN_RANGE_LOOP_ANALYSIS = YES;
				CLANG_WARN_STRICT_PROTOTYPES = YES;
				CLANG_WARN_SUSPICIOUS_MOVE = YES;
				CLANG_WARN_UNGUARDED_AVAILABILITY = YES_AGGRESSIVE;
				CLANG_WARN_UNREACHABLE_CODE = YES;
				CLANG_WARN__DUPLICATE_METHOD_MATCH = YES;
				CODE_SIGN_IDENTITY = "iPhone Developer";
				COPY_PHASE_STRIP = NO;
				DEBUG_INFORMATION_FORMAT = "dwarf-with-dsym";
				ENABLE_NS_ASSERTIONS = NO;
				ENABLE_STRICT_OBJC_MSGSEND = YES;
				GCC_C_LANGUAGE_STANDARD = gnu11;
				GCC_NO_COMMON_BLOCKS = YES;
				GCC_WARN_64_TO_32_BIT_CONVERSION = YES;
				GCC_WARN_ABOUT_RETURN_TYPE = YES_ERROR;
				GCC_WARN_UNDECLARED_SELECTOR = YES;
				GCC_WARN_UNINITIALIZED_AUTOS = YES_AGGRESSIVE;
				GCC_WARN_UNUSED_FUNCTION = YES;
				GCC_WARN_UNUSED_VARIABLE = YES;
				IPHONEOS_DEPLOYMENT_TARGET = 11.0;
				MTL_ENABLE_DEBUG_INFO = NO;
				SDKROOT = iphoneos;
				SWIFT_OPTIMIZATION_LEVEL = "-Owholemodule";
				VALIDATE_PRODUCT = YES;
			};
			name = Release;
		};
		188B34DE1F821BC500ADFBB1 /* Debug */ = {
			isa = XCBuildConfiguration;
			buildSettings = {
				ASSETCATALOG_COMPILER_APPICON_NAME = AppIcon;
				CODE_SIGN_STYLE = Automatic;
				INFOPLIST_FILE = DemoRestAPI/Info.plist;
				LD_RUNPATH_SEARCH_PATHS = "$(inherited) @executable_path/Frameworks";
				PRODUCT_BUNDLE_IDENTIFIER = KienNguyen.DemoRestAPI;
				PRODUCT_NAME = "$(TARGET_NAME)";
				SWIFT_VERSION = 4.0;
				TARGETED_DEVICE_FAMILY = "1,2";
			};
			name = Debug;
		};
		188B34DF1F821BC500ADFBB1 /* Release */ = {
			isa = XCBuildConfiguration;
			buildSettings = {
				ASSETCATALOG_COMPILER_APPICON_NAME = AppIcon;
				CODE_SIGN_STYLE = Automatic;
				INFOPLIST_FILE = DemoRestAPI/Info.plist;
				LD_RUNPATH_SEARCH_PATHS = "$(inherited) @executable_path/Frameworks";
				PRODUCT_BUNDLE_IDENTIFIER = KienNguyen.DemoRestAPI;
				PRODUCT_NAME = "$(TARGET_NAME)";
				SWIFT_VERSION = 4.0;
				TARGETED_DEVICE_FAMILY = "1,2";
			};
			name = Release;
		};
/* End XCBuildConfiguration section */

/* Begin XCConfigurationList section */
		188B34C61F821BC500ADFBB1 /* Build configuration list for PBXProject "DemoRestAPI" */ = {
			isa = XCConfigurationList;
			buildConfigurations = (
				188B34DB1F821BC500ADFBB1 /* Debug */,
				188B34DC1F821BC500ADFBB1 /* Release */,
			);
			defaultConfigurationIsVisible = 0;
			defaultConfigurationName = Release;
		};
		188B34DD1F821BC500ADFBB1 /* Build configuration list for PBXNativeTarget "DemoRestAPI" */ = {
			isa = XCConfigurationList;
			buildConfigurations = (
				188B34DE1F821BC500ADFBB1 /* Debug */,
				188B34DF1F821BC500ADFBB1 /* Release */,
			);
			defaultConfigurationIsVisible = 0;
			defaultConfigurationName = Release;
		};
/* End XCConfigurationList section */
	};
	rootObject = 188B34C31F821BC500ADFBB1 /* Project object */;
}
